
Microsoft Visual Studio Solution File, Format Version 12.00
# Visual Studio 15
VisualStudioVersion = 15.0.28010.2050
MinimumVisualStudioVersion = 10.0.40219.1
Project("{FAE04EC0-301F-11D3-BF4B-00C04F79EFBC}") = "SistemaTesis", "SistemaTesis\SistemaTesis.csproj", "{9802A636-D3B3-47AB-B535-45491129E718}"
EndProject
Global
	GlobalSection(SolutionConfigurationPlatforms) = preSolution
		Debug|Any CPU = Debug|Any CPU
		Release|Any CPU = Release|Any CPU
	EndGlobalSection
	GlobalSection(ProjectConfigurationPlatforms) = postSolution
		{9802A636-D3B3-47AB-B535-45491129E718}.Debug|Any CPU.ActiveCfg = Debug|Any CPU
		{9802A636-D3B3-47AB-B535-45491129E718}.Debug|Any CPU.Build.0 = Debug|Any CPU
		{9802A636-D3B3-47AB-B535-45491129E718}.Release|Any CPU.ActiveCfg = Release|Any CPU
		{9802A636-D3B3-47AB-B535-45491129E718}.Release|Any CPU.Build.0 = Release|Any CPU
	EndGlobalSection
	GlobalSection(SolutionProperties) = preSolution
		HideSolutionNode = FALSE
	EndGlobalSection
	GlobalSection(ExtensibilityGlobals) = postSolution
		SolutionGuid = {62B54094-B4A0-4D6C-90AC-9A73AE8223A8}
	EndGlobalSection
EndGlobal
